
Microsoft Visual Studio Solution File, Format Version 12.00
# Visual Studio Version 17
VisualStudioVersion = 17.4.33213.308
MinimumVisualStudioVersion = 10.0.40219.1
Project("{FAE04EC0-301F-11D3-BF4B-00C04F79EFBC}") = "RM", "RM\RM.csproj", "{F1164F9A-2A87-4D91-9231-31615FF69FD5}"
EndProject
Global
	GlobalSection(SolutionConfigurationPlatforms) = preSolution
		Debug|Any CPU = Debug|Any CPU
		Release|Any CPU = Release|Any CPU
	EndGlobalSection
	GlobalSection(ProjectConfigurationPlatforms) = postSolution
		{F1164F9A-2A87-4D91-9231-31615FF69FD5}.Debug|Any CPU.ActiveCfg = Debug|Any CPU
		{F1164F9A-2A87-4D91-9231-31615FF69FD5}.Debug|Any CPU.Build.0 = Debug|Any CPU
		{F1164F9A-2A87-4D91-9231-31615FF69FD5}.Release|Any CPU.ActiveCfg = Release|Any CPU
		{F1164F9A-2A87-4D91-9231-31615FF69FD5}.Release|Any CPU.Build.0 = Release|Any CPU
	EndGlobalSection
	GlobalSection(SolutionProperties) = preSolution
		HideSolutionNode = FALSE
	EndGlobalSection
	GlobalSection(ExtensibilityGlobals) = postSolution
		SolutionGuid = {FA5981ED-B5D7-44ED-A668-3ED4315EE2C3}
	EndGlobalSection
EndGlobal
